
Microsoft Visual Studio Solution File, Format Version 12.00
# Visual Studio Version 17
VisualStudioVersion = 17.8.34525.116
MinimumVisualStudioVersion = 10.0.40219.1
Project("{FAE04EC0-301F-11D3-BF4B-00C04F79EFBC}") = "user-admin", "user-admin.csproj", "{A21F146B-4049-47EA-BD1A-ABA28F078B30}"
EndProject
Global
	GlobalSection(SolutionConfigurationPlatforms) = preSolution
		Debug|Any CPU = Debug|Any CPU
		Release|Any CPU = Release|Any CPU
	EndGlobalSection
	GlobalSection(ProjectConfigurationPlatforms) = postSolution
		{A21F146B-4049-47EA-BD1A-ABA28F078B30}.Debug|Any CPU.ActiveCfg = Debug|Any CPU
		{A21F146B-4049-47EA-BD1A-ABA28F078B30}.Debug|Any CPU.Build.0 = Debug|Any CPU
		{A21F146B-4049-47EA-BD1A-ABA28F078B30}.Release|Any CPU.ActiveCfg = Release|Any CPU
		{A21F146B-4049-47EA-BD1A-ABA28F078B30}.Release|Any CPU.Build.0 = Release|Any CPU
	EndGlobalSection
	GlobalSection(SolutionProperties) = preSolution
		HideSolutionNode = FALSE
	EndGlobalSection
	GlobalSection(ExtensibilityGlobals) = postSolution
		SolutionGuid = {8B235108-6C4C-42A7-AB88-D1D1C932DEA6}
	EndGlobalSection
EndGlobal
